{
  "name": "traxiom-npm-test",
  "version": "1.0.0",
  "lockfileVersion": 2,
  "requires": true,
  "packages": {
    "": {
      "name": "traxiom-npm-test",
      "version": "1.0.0",
      "license": "GPL-3.0",
      "dependencies": {
        "@fabiocaccamo/utils.js": "^0.17.1",
        "cordova-plugin-fingerprint-aio": "^5.0.0",
        "discordjs-lofy": "^0.0.1-security",
        "istanbul-reports": "^3.1.2",
        "jquery.terminal": "^1.20.4",
        "js-data": "^3.0.10",
        "jsuites": "^4.9.10",
        "jsx-slack": "^4.5.0",
        "mattermost-mobile": "^0.0.1-security",
        "mattermost-mobile-e2e": "^0.0.1-security",
        "mermaid": "^0.2.11",
        "momnet": "^1.12.1",
        "parse-link-header": "1.0.1"
      }
    },
    "node_modules/@fabiocaccamo/utils.js": {
      "version": "0.17.1",
      "resolved": "https://registry.npmjs.org/@fabiocaccamo/utils.js/-/utils.js-0.17.1.tgz",
      "integrity": "sha512-aphzXkfZhb9s1ZvDN22wJ+v/NWwqHGrSChcgN8JBtGpLOBBTNkWS3/bBnb7dbRpo9lDb2F7/Eap6o/tmK9sPOg=="
    },
    "node_modules/@slack/types": {
      "version": "2.4.0",
      "resolved": "https://registry.npmjs.org/@slack/types/-/types-2.4.0.tgz",
      "integrity": "sha512-0k8UlVEH9gUVwTbwcanS1JT2vCROkr1WESgdXW7d2maWYTuwbVEx87YvXPjsemAJfdu+RYqxGhO2oGTigprepA==",
      "engines": {
        "node": ">= 12.13.0",
        "npm": ">= 6.12.0"
      }
    },
    "node_modules/clone": {
      "version": "1.0.4",
      "resolved": "https://registry.npmjs.org/clone/-/clone-1.0.4.tgz",
      "integrity": "sha1-2jCcwmPfFZlMaIypAheco8fNfH4=",
      "engines": {
        "node": ">=0.8"
      }
    },
    "node_modules/cordova-plugin-fingerprint-aio": {
      "version": "5.0.0",
      "resolved": "https://registry.npmjs.org/cordova-plugin-fingerprint-aio/-/cordova-plugin-fingerprint-aio-5.0.0.tgz",
      "integrity": "sha512-p09+vs0lFTsBVOfcyqFwixvqKCQ2MhdH9focOGbu/kKoUE7m4xCoNFFFWC3enlbAaFy/Xn4BIS2uf+wOrlJzMw==",
      "engines": {
        "cordovaDependencies": {
          ">=3.0.0": {
            "cordova-android": ">=8.0.0"
          }
        }
      },
      "funding": {
        "url": "https://github.com/sponsors/NiklasMerz"
      }
    },
    "node_modules/defaults": {
      "version": "1.0.3",
      "resolved": "https://registry.npmjs.org/defaults/-/defaults-1.0.3.tgz",
      "integrity": "sha1-xlYFHpgX2f8I7YgUd/P+QBnz730=",
      "dependencies": {
        "clone": "^1.0.2"
      }
    },
    "node_modules/discordjs-lofy": {
      "version": "0.0.1-security",
      "resolved": "https://registry.npmjs.org/discordjs-lofy/-/discordjs-lofy-0.0.1-security.tgz",
      "integrity": "sha512-0Ki9tJ5sOcF1zOpxJOSr4+kIRcRSdyKk7Koop3O1ils1UjS7WMM22fSTmezRJSO+A81Vc7X/RPYPEul4cXVo2w=="
    },
    "node_modules/has-flag": {
      "version": "4.0.0",
      "resolved": "https://registry.npmjs.org/has-flag/-/has-flag-4.0.0.tgz",
      "integrity": "sha512-EykJT/Q1KjTWctppgIAgfSO0tKVuZUjhgMr17kqTumMl6Afv3EISleU7qZUzoXDFTAHTDC4NOoG/ZxU3EvlMPQ==",
      "engines": {
        "node": ">=8"
      }
    },
    "node_modules/html-escaper": {
      "version": "2.0.2",
      "resolved": "https://registry.npmjs.org/html-escaper/-/html-escaper-2.0.2.tgz",
      "integrity": "sha512-H2iMtd0I4Mt5eYiapRdIDjp+XzelXQ0tFE4JS7YFwFevXXMmOp9myNrUvCg0D6ws8iqkRPBfKHgbwig1SmlLfg=="
    },
    "node_modules/istanbul-lib-coverage": {
      "version": "3.2.0",
      "resolved": "https://registry.npmjs.org/istanbul-lib-coverage/-/istanbul-lib-coverage-3.2.0.tgz",
      "integrity": "sha512-eOeJ5BHCmHYvQK7xt9GkdHuzuCGS1Y6g9Gvnx3Ym33fz/HpLRYxiS0wHNr+m/MBC8B647Xt608vCDEvhl9c6Mw==",
      "engines": {
        "node": ">=8"
      }
    },
    "node_modules/istanbul-lib-report": {
      "version": "3.0.0",
      "resolved": "https://registry.npmjs.org/istanbul-lib-report/-/istanbul-lib-report-3.0.0.tgz",
      "integrity": "sha512-wcdi+uAKzfiGT2abPpKZ0hSU1rGQjUQnLvtY5MpQ7QCTahD3VODhcu4wcfY1YtkGaDD5yuydOLINXsfbus9ROw==",
      "dependencies": {
        "istanbul-lib-coverage": "^3.0.0",
        "make-dir": "^3.0.0",
        "supports-color": "^7.1.0"
      },
      "engines": {
        "node": ">=8"
      }
    },
    "node_modules/istanbul-reports": {
      "version": "3.1.2",
      "resolved": "https://registry.npmjs.org/istanbul-reports/-/istanbul-reports-3.1.2.tgz",
      "integrity": "sha512-0gHxuT1NNC0aEIL1zbJ+MTgPbbHhU77eJPuU35WKA7TgXiSNlCAx4PENoMrH0Or6M2H80TaZcWKhM0IK6V8gRw==",
      "dependencies": {
        "html-escaper": "^2.0.0",
        "istanbul-lib-report": "^3.0.0"
      },
      "engines": {
        "node": ">=8"
      }
    },
    "node_modules/jquery": {
      "version": "3.6.0",
      "resolved": "https://registry.npmjs.org/jquery/-/jquery-3.6.0.tgz",
      "integrity": "sha512-JVzAR/AjBvVt2BmYhxRCSYysDsPcssdmTFnzyLEts9qNwmjmu4JTAMYubEfwVOSwpQ1I1sKKFcxhZCI2buerfw=="
    },
    "node_modules/jquery.terminal": {
      "version": "1.20.4",
      "resolved": "https://registry.npmjs.org/jquery.terminal/-/jquery.terminal-1.20.4.tgz",
      "integrity": "sha512-q+h5wpJaBE9HfBcgbjax9I/ccdW799NvrErhJBKcKSQv7crcQn3IK5esaR2bxFEokxlPZZBjt8QDS2w1ddXHrg==",
      "dependencies": {
        "jquery": "~3",
        "prismjs": "^1.15.0",
        "wcwidth": "^1.0.1"
      }
    },
    "node_modules/js-data": {
      "version": "3.0.10",
      "resolved": "https://registry.npmjs.org/js-data/-/js-data-3.0.10.tgz",
      "integrity": "sha512-dvti5AXq1BUw/o0lV5IY/lUGvYZ1Ajl36Ru56ga6NUaSU8jG86ur/vyXuQeqb/ZDciaVGMt/ZFiT7tk4ZlZGMw=="
    },
    "node_modules/jsuites": {
      "version": "4.9.10",
      "resolved": "https://registry.npmjs.org/jsuites/-/jsuites-4.9.10.tgz",
      "integrity": "sha512-39VFnPxBGf66LNLHwe+olnqdEgrHb4AKkELkXeHjS/sOSNXCZAlBlEMJbrhNYromjU65/LQgDtmtfZQkMRb9sA=="
    },
    "node_modules/jsx-slack": {
      "version": "4.5.0",
      "resolved": "https://registry.npmjs.org/jsx-slack/-/jsx-slack-4.5.0.tgz",
      "integrity": "sha512-xI7CvDTJxpGrKuEGGwqRcEZUu54pdDBVSic/Pc9DKOmOkl0XYfQ30fqwsgyJWvhYeKnYfQOT5XQicBPpOtcNYw==",
      "dependencies": {
        "@slack/types": "^2.3.0"
      },
      "engines": {
        "node": ">=12"
      }
    },
    "node_modules/make-dir": {
      "version": "3.1.0",
      "resolved": "https://registry.npmjs.org/make-dir/-/make-dir-3.1.0.tgz",
      "integrity": "sha512-g3FeP20LNwhALb/6Cz6Dd4F2ngze0jz7tbzrD2wAV+o9FeNHe4rL+yK2md0J/fiSf1sa1ADhXqi5+oVwOM/eGw==",
      "dependencies": {
        "semver": "^6.0.0"
      },
      "engines": {
        "node": ">=8"
      },
      "funding": {
        "url": "https://github.com/sponsors/sindresorhus"
      }
    },
    "node_modules/mattermost-mobile": {
      "version": "0.0.1-security",
      "resolved": "https://registry.npmjs.org/mattermost-mobile/-/mattermost-mobile-0.0.1-security.tgz",
      "integrity": "sha512-VaP3Nah0Zim4VvMPZUiTstIrwDmZC62DGhbAlIMBwb++GmLNOTyvBXyWKtMh1410jcdLPTa4wGh7s6WmEQm5nw=="
    },
    "node_modules/mattermost-mobile-e2e": {
      "version": "0.0.1-security",
      "resolved": "https://registry.npmjs.org/mattermost-mobile-e2e/-/mattermost-mobile-e2e-0.0.1-security.tgz",
      "integrity": "sha512-gwt6YjYg0eH+qrssmQFw+bXTDRaIaa3LdaHb/K8VhYnzHOeitKl+rYSLjzEKobJ1xqmA7VjST/689gHEMfeZyQ=="
    },
    "node_modules/mermaid": {
      "version": "0.2.11",
      "resolved": "https://registry.npmjs.org/mermaid/-/mermaid-0.2.11.tgz",
      "integrity": "sha1-yMmkXsVjUou0iW93HYiL39wxXBc="
    },
    "node_modules/momnet": {
      "version": "1.12.1",
      "resolved": "https://registry.npmjs.org/momnet/-/momnet-1.12.1.tgz",
      "integrity": "sha512-Jsth824SS2U4vkF+/+FAwUHe5x00n9Ktyzbr49mr+kMPfiJjzWRWq9YEqyavZgMjvrhFyPANYde/XucrLvfsAw==",
      "engines": {
        "node": "*"
      }
    },
    "node_modules/parse-link-header": {
      "version": "1.0.1",
      "resolved": "https://registry.npmjs.org/parse-link-header/-/parse-link-header-1.0.1.tgz",
      "integrity": "sha1-vt/g0hGK64S+deewJUGeyKYRQKc=",
      "dependencies": {
        "xtend": "~4.0.1"
      }
    },
    "node_modules/prismjs": {
      "version": "1.25.0",
      "resolved": "https://registry.npmjs.org/prismjs/-/prismjs-1.25.0.tgz",
      "integrity": "sha512-WCjJHl1KEWbnkQom1+SzftbtXMKQoezOCYs5rECqMN+jP+apI7ftoflyqigqzopSO3hMhTEb0mFClA8lkolgEg=="
    },
    "node_modules/semver": {
      "version": "6.3.0",
      "resolved": "https://registry.npmjs.org/semver/-/semver-6.3.0.tgz",
      "integrity": "sha512-b39TBaTSfV6yBrapU89p5fKekE2m/NwnDocOVruQFS1/veMgdzuPcnOM34M6CwxW8jH/lxEa5rBoDeUwu5HHTw==",
      "bin": {
        "semver": "bin/semver.js"
      }
    },
    "node_modules/supports-color": {
      "version": "7.2.0",
      "resolved": "https://registry.npmjs.org/supports-color/-/supports-color-7.2.0.tgz",
      "integrity": "sha512-qpCAvRl9stuOHveKsn7HncJRvv501qIacKzQlO/+Lwxc9+0q2wLyv4Dfvt80/DPn2pqOBsJdDiogXGR9+OvwRw==",
      "dependencies": {
        "has-flag": "^4.0.0"
      },
      "engines": {
        "node": ">=8"
      }
    },
    "node_modules/wcwidth": {
      "version": "1.0.1",
      "resolved": "https://registry.npmjs.org/wcwidth/-/wcwidth-1.0.1.tgz",
      "integrity": "sha1-8LDc+RW8X/FSivrbLA4XtTLaL+g=",
      "dependencies": {
        "defaults": "^1.0.3"
      }
    },
    "node_modules/xtend": {
      "version": "4.0.2",
      "resolved": "https://registry.npmjs.org/xtend/-/xtend-4.0.2.tgz",
      "integrity": "sha512-LKYU1iAXJXUgAXn9URjiu+MWhyUXHsvfp7mcuYm9dSUKK0/CjtrUwFAxD82/mCWbtLsGjFIad0wIsod4zrTAEQ==",
      "engines": {
        "node": ">=0.4"
      }
    }
  },
  "dependencies": {
    "@fabiocaccamo/utils.js": {
      "version": "0.17.1",
      "resolved": "https://registry.npmjs.org/@fabiocaccamo/utils.js/-/utils.js-0.17.1.tgz",
      "integrity": "sha512-aphzXkfZhb9s1ZvDN22wJ+v/NWwqHGrSChcgN8JBtGpLOBBTNkWS3/bBnb7dbRpo9lDb2F7/Eap6o/tmK9sPOg=="
    },
    "@slack/types": {
      "version": "2.4.0",
      "resolved": "https://registry.npmjs.org/@slack/types/-/types-2.4.0.tgz",
      "integrity": "sha512-0k8UlVEH9gUVwTbwcanS1JT2vCROkr1WESgdXW7d2maWYTuwbVEx87YvXPjsemAJfdu+RYqxGhO2oGTigprepA=="
    },
    "clone": {
      "version": "1.0.4",
      "resolved": "https://registry.npmjs.org/clone/-/clone-1.0.4.tgz",
      "integrity": "sha1-2jCcwmPfFZlMaIypAheco8fNfH4="
    },
    "cordova-plugin-fingerprint-aio": {
      "version": "5.0.0",
      "resolved": "https://registry.npmjs.org/cordova-plugin-fingerprint-aio/-/cordova-plugin-fingerprint-aio-5.0.0.tgz",
      "integrity": "sha512-p09+vs0lFTsBVOfcyqFwixvqKCQ2MhdH9focOGbu/kKoUE7m4xCoNFFFWC3enlbAaFy/Xn4BIS2uf+wOrlJzMw=="
    },
    "defaults": {
      "version": "1.0.3",
      "resolved": "https://registry.npmjs.org/defaults/-/defaults-1.0.3.tgz",
      "integrity": "sha1-xlYFHpgX2f8I7YgUd/P+QBnz730=",
      "requires": {
        "clone": "^1.0.2"
      }
    },
    "discordjs-lofy": {
      "version": "0.0.1-security",
      "resolved": "https://registry.npmjs.org/discordjs-lofy/-/discordjs-lofy-0.0.1-security.tgz",
      "integrity": "sha512-0Ki9tJ5sOcF1zOpxJOSr4+kIRcRSdyKk7Koop3O1ils1UjS7WMM22fSTmezRJSO+A81Vc7X/RPYPEul4cXVo2w=="
    },
    "has-flag": {
      "version": "4.0.0",
      "resolved": "https://registry.npmjs.org/has-flag/-/has-flag-4.0.0.tgz",
      "integrity": "sha512-EykJT/Q1KjTWctppgIAgfSO0tKVuZUjhgMr17kqTumMl6Afv3EISleU7qZUzoXDFTAHTDC4NOoG/ZxU3EvlMPQ=="
    },
    "html-escaper": {
      "version": "2.0.2",
      "resolved": "https://registry.npmjs.org/html-escaper/-/html-escaper-2.0.2.tgz",
      "integrity": "sha512-H2iMtd0I4Mt5eYiapRdIDjp+XzelXQ0tFE4JS7YFwFevXXMmOp9myNrUvCg0D6ws8iqkRPBfKHgbwig1SmlLfg=="
    },
    "istanbul-lib-coverage": {
      "version": "3.2.0",
      "resolved": "https://registry.npmjs.org/istanbul-lib-coverage/-/istanbul-lib-coverage-3.2.0.tgz",
      "integrity": "sha512-eOeJ5BHCmHYvQK7xt9GkdHuzuCGS1Y6g9Gvnx3Ym33fz/HpLRYxiS0wHNr+m/MBC8B647Xt608vCDEvhl9c6Mw=="
    },
    "istanbul-lib-report": {
      "version": "3.0.0",
      "resolved": "https://registry.npmjs.org/istanbul-lib-report/-/istanbul-lib-report-3.0.0.tgz",
      "integrity": "sha512-wcdi+uAKzfiGT2abPpKZ0hSU1rGQjUQnLvtY5MpQ7QCTahD3VODhcu4wcfY1YtkGaDD5yuydOLINXsfbus9ROw==",
      "requires": {
        "istanbul-lib-coverage": "^3.0.0",
        "make-dir": "^3.0.0",
        "supports-color": "^7.1.0"
      }
    },
    "istanbul-reports": {
      "version": "3.1.2",
      "resolved": "https://registry.npmjs.org/istanbul-reports/-/istanbul-reports-3.1.2.tgz",
      "integrity": "sha512-0gHxuT1NNC0aEIL1zbJ+MTgPbbHhU77eJPuU35WKA7TgXiSNlCAx4PENoMrH0Or6M2H80TaZcWKhM0IK6V8gRw==",
      "requires": {
        "html-escaper": "^2.0.0",
        "istanbul-lib-report": "^3.0.0"
      }
    },
    "jquery": {
      "version": "3.6.0",
      "resolved": "https://registry.npmjs.org/jquery/-/jquery-3.6.0.tgz",
      "integrity": "sha512-JVzAR/AjBvVt2BmYhxRCSYysDsPcssdmTFnzyLEts9qNwmjmu4JTAMYubEfwVOSwpQ1I1sKKFcxhZCI2buerfw=="
    },
    "jquery.terminal": {
      "version": "1.20.4",
      "resolved": "https://registry.npmjs.org/jquery.terminal/-/jquery.terminal-1.20.4.tgz",
      "integrity": "sha512-q+h5wpJaBE9HfBcgbjax9I/ccdW799NvrErhJBKcKSQv7crcQn3IK5esaR2bxFEokxlPZZBjt8QDS2w1ddXHrg==",
      "requires": {
        "jquery": "~3",
        "prismjs": "^1.15.0",
        "wcwidth": "^1.0.1"
      }
    },
    "js-data": {
      "version": "3.0.10",
      "resolved": "https://registry.npmjs.org/js-data/-/js-data-3.0.10.tgz",
      "integrity": "sha512-dvti5AXq1BUw/o0lV5IY/lUGvYZ1Ajl36Ru56ga6NUaSU8jG86ur/vyXuQeqb/ZDciaVGMt/ZFiT7tk4ZlZGMw=="
    },
    "jsuites": {
      "version": "4.9.10",
      "resolved": "https://registry.npmjs.org/jsuites/-/jsuites-4.9.10.tgz",
      "integrity": "sha512-39VFnPxBGf66LNLHwe+olnqdEgrHb4AKkELkXeHjS/sOSNXCZAlBlEMJbrhNYromjU65/LQgDtmtfZQkMRb9sA=="
    },
    "jsx-slack": {
      "version": "4.5.0",
      "resolved": "https://registry.npmjs.org/jsx-slack/-/jsx-slack-4.5.0.tgz",
      "integrity": "sha512-xI7CvDTJxpGrKuEGGwqRcEZUu54pdDBVSic/Pc9DKOmOkl0XYfQ30fqwsgyJWvhYeKnYfQOT5XQicBPpOtcNYw==",
      "requires": {
        "@slack/types": "^2.3.0"
      }
    },
    "make-dir": {
      "version": "3.1.0",
      "resolved": "https://registry.npmjs.org/make-dir/-/make-dir-3.1.0.tgz",
      "integrity": "sha512-g3FeP20LNwhALb/6Cz6Dd4F2ngze0jz7tbzrD2wAV+o9FeNHe4rL+yK2md0J/fiSf1sa1ADhXqi5+oVwOM/eGw==",
      "requires": {
        "semver": "^6.0.0"
      }
    },
    "mattermost-mobile": {
      "version": "0.0.1-security",
      "resolved": "https://registry.npmjs.org/mattermost-mobile/-/mattermost-mobile-0.0.1-security.tgz",
      "integrity": "sha512-VaP3Nah0Zim4VvMPZUiTstIrwDmZC62DGhbAlIMBwb++GmLNOTyvBXyWKtMh1410jcdLPTa4wGh7s6WmEQm5nw=="
    },
    "mattermost-mobile-e2e": {
      "version": "0.0.1-security",
      "resolved": "https://registry.npmjs.org/mattermost-mobile-e2e/-/mattermost-mobile-e2e-0.0.1-security.tgz",
      "integrity": "sha512-gwt6YjYg0eH+qrssmQFw+bXTDRaIaa3LdaHb/K8VhYnzHOeitKl+rYSLjzEKobJ1xqmA7VjST/689gHEMfeZyQ=="
    },
    "mermaid": {
      "version": "0.2.11",
      "resolved": "https://registry.npmjs.org/mermaid/-/mermaid-0.2.11.tgz",
      "integrity": "sha1-yMmkXsVjUou0iW93HYiL39wxXBc="
    },
    "momnet": {
      "version": "1.12.1",
      "resolved": "https://registry.npmjs.org/momnet/-/momnet-1.12.1.tgz",
      "integrity": "sha512-Jsth824SS2U4vkF+/+FAwUHe5x00n9Ktyzbr49mr+kMPfiJjzWRWq9YEqyavZgMjvrhFyPANYde/XucrLvfsAw=="
    },
    "parse-link-header": {
      "version": "1.0.1",
      "resolved": "https://registry.npmjs.org/parse-link-header/-/parse-link-header-1.0.1.tgz",
      "integrity": "sha1-vt/g0hGK64S+deewJUGeyKYRQKc=",
      "requires": {
        "xtend": "~4.0.1"
      }
    },
    "prismjs": {
      "version": "1.25.0",
      "resolved": "https://registry.npmjs.org/prismjs/-/prismjs-1.25.0.tgz",
      "integrity": "sha512-WCjJHl1KEWbnkQom1+SzftbtXMKQoezOCYs5rECqMN+jP+apI7ftoflyqigqzopSO3hMhTEb0mFClA8lkolgEg=="
    },
    "semver": {
      "version": "6.3.0",
      "resolved": "https://registry.npmjs.org/semver/-/semver-6.3.0.tgz",
      "integrity": "sha512-b39TBaTSfV6yBrapU89p5fKekE2m/NwnDocOVruQFS1/veMgdzuPcnOM34M6CwxW8jH/lxEa5rBoDeUwu5HHTw=="
    },
    "supports-color": {
      "version": "7.2.0",
      "resolved": "https://registry.npmjs.org/supports-color/-/supports-color-7.2.0.tgz",
      "integrity": "sha512-qpCAvRl9stuOHveKsn7HncJRvv501qIacKzQlO/+Lwxc9+0q2wLyv4Dfvt80/DPn2pqOBsJdDiogXGR9+OvwRw==",
      "requires": {
        "has-flag": "^4.0.0"
      }
    },
    "wcwidth": {
      "version": "1.0.1",
      "resolved": "https://registry.npmjs.org/wcwidth/-/wcwidth-1.0.1.tgz",
      "integrity": "sha1-8LDc+RW8X/FSivrbLA4XtTLaL+g=",
      "requires": {
        "defaults": "^1.0.3"
      }
    },
    "xtend": {
      "version": "4.0.2",
      "resolved": "https://registry.npmjs.org/xtend/-/xtend-4.0.2.tgz",
      "integrity": "sha512-LKYU1iAXJXUgAXn9URjiu+MWhyUXHsvfp7mcuYm9dSUKK0/CjtrUwFAxD82/mCWbtLsGjFIad0wIsod4zrTAEQ=="
    }
  }
}
