{
  "name": "traxiom-npm-test",
  "version": "1.0.0",
  "lockfileVersion": 2,
  "requires": true,
  "packages": {
    "": {
      "name": "traxiom-npm-test",
      "version": "1.0.0",
      "license": "GPL-3.0",
      "dependencies": {
        "@fabiocaccamo/utils.js": "^0.17.1",
        "discordjs-lofy": "^0.0.1-security",
        "js-data": "^3.0.10",
        "mattermost-mobile": "^0.0.1-security",
        "mattermost-mobile-e2e": "^0.0.1-security",
        "parse-link-header": "1.0.1"
      }
    },
    "node_modules/@fabiocaccamo/utils.js": {
      "version": "0.17.1",
      "resolved": "https://registry.npmjs.org/@fabiocaccamo/utils.js/-/utils.js-0.17.1.tgz",
      "integrity": "sha512-aphzXkfZhb9s1ZvDN22wJ+v/NWwqHGrSChcgN8JBtGpLOBBTNkWS3/bBnb7dbRpo9lDb2F7/Eap6o/tmK9sPOg=="
    },
    "node_modules/discordjs-lofy": {
      "version": "0.0.1-security",
      "resolved": "https://registry.npmjs.org/discordjs-lofy/-/discordjs-lofy-0.0.1-security.tgz",
      "integrity": "sha512-0Ki9tJ5sOcF1zOpxJOSr4+kIRcRSdyKk7Koop3O1ils1UjS7WMM22fSTmezRJSO+A81Vc7X/RPYPEul4cXVo2w=="
    },
    "node_modules/js-data": {
      "version": "3.0.10",
      "resolved": "https://registry.npmjs.org/js-data/-/js-data-3.0.10.tgz",
      "integrity": "sha512-dvti5AXq1BUw/o0lV5IY/lUGvYZ1Ajl36Ru56ga6NUaSU8jG86ur/vyXuQeqb/ZDciaVGMt/ZFiT7tk4ZlZGMw=="
    },
    "node_modules/mattermost-mobile": {
      "version": "0.0.1-security",
      "resolved": "https://registry.npmjs.org/mattermost-mobile/-/mattermost-mobile-0.0.1-security.tgz",
      "integrity": "sha512-VaP3Nah0Zim4VvMPZUiTstIrwDmZC62DGhbAlIMBwb++GmLNOTyvBXyWKtMh1410jcdLPTa4wGh7s6WmEQm5nw=="
    },
    "node_modules/mattermost-mobile-e2e": {
      "version": "0.0.1-security",
      "resolved": "https://registry.npmjs.org/mattermost-mobile-e2e/-/mattermost-mobile-e2e-0.0.1-security.tgz",
      "integrity": "sha512-gwt6YjYg0eH+qrssmQFw+bXTDRaIaa3LdaHb/K8VhYnzHOeitKl+rYSLjzEKobJ1xqmA7VjST/689gHEMfeZyQ=="
    },
    "node_modules/parse-link-header": {
      "version": "1.0.1",
      "resolved": "https://registry.npmjs.org/parse-link-header/-/parse-link-header-1.0.1.tgz",
      "integrity": "sha1-vt/g0hGK64S+deewJUGeyKYRQKc=",
      "dependencies": {
        "xtend": "~4.0.1"
      }
    },
    "node_modules/xtend": {
      "version": "4.0.2",
      "resolved": "https://registry.npmjs.org/xtend/-/xtend-4.0.2.tgz",
      "integrity": "sha512-LKYU1iAXJXUgAXn9URjiu+MWhyUXHsvfp7mcuYm9dSUKK0/CjtrUwFAxD82/mCWbtLsGjFIad0wIsod4zrTAEQ==",
      "engines": {
        "node": ">=0.4"
      }
    }
  },
  "dependencies": {
    "@fabiocaccamo/utils.js": {
      "version": "0.17.1",
      "resolved": "https://registry.npmjs.org/@fabiocaccamo/utils.js/-/utils.js-0.17.1.tgz",
      "integrity": "sha512-aphzXkfZhb9s1ZvDN22wJ+v/NWwqHGrSChcgN8JBtGpLOBBTNkWS3/bBnb7dbRpo9lDb2F7/Eap6o/tmK9sPOg=="
    },
    "discordjs-lofy": {
      "version": "0.0.1-security",
      "resolved": "https://registry.npmjs.org/discordjs-lofy/-/discordjs-lofy-0.0.1-security.tgz",
      "integrity": "sha512-0Ki9tJ5sOcF1zOpxJOSr4+kIRcRSdyKk7Koop3O1ils1UjS7WMM22fSTmezRJSO+A81Vc7X/RPYPEul4cXVo2w=="
    },
    "js-data": {
      "version": "3.0.10",
      "resolved": "https://registry.npmjs.org/js-data/-/js-data-3.0.10.tgz",
      "integrity": "sha512-dvti5AXq1BUw/o0lV5IY/lUGvYZ1Ajl36Ru56ga6NUaSU8jG86ur/vyXuQeqb/ZDciaVGMt/ZFiT7tk4ZlZGMw=="
    },
    "mattermost-mobile": {
      "version": "0.0.1-security",
      "resolved": "https://registry.npmjs.org/mattermost-mobile/-/mattermost-mobile-0.0.1-security.tgz",
      "integrity": "sha512-VaP3Nah0Zim4VvMPZUiTstIrwDmZC62DGhbAlIMBwb++GmLNOTyvBXyWKtMh1410jcdLPTa4wGh7s6WmEQm5nw=="
    },
    "mattermost-mobile-e2e": {
      "version": "0.0.1-security",
      "resolved": "https://registry.npmjs.org/mattermost-mobile-e2e/-/mattermost-mobile-e2e-0.0.1-security.tgz",
      "integrity": "sha512-gwt6YjYg0eH+qrssmQFw+bXTDRaIaa3LdaHb/K8VhYnzHOeitKl+rYSLjzEKobJ1xqmA7VjST/689gHEMfeZyQ=="
    },
    "parse-link-header": {
      "version": "1.0.1",
      "resolved": "https://registry.npmjs.org/parse-link-header/-/parse-link-header-1.0.1.tgz",
      "integrity": "sha1-vt/g0hGK64S+deewJUGeyKYRQKc=",
      "requires": {
        "xtend": "~4.0.1"
      }
    },
    "xtend": {
      "version": "4.0.2",
      "resolved": "https://registry.npmjs.org/xtend/-/xtend-4.0.2.tgz",
      "integrity": "sha512-LKYU1iAXJXUgAXn9URjiu+MWhyUXHsvfp7mcuYm9dSUKK0/CjtrUwFAxD82/mCWbtLsGjFIad0wIsod4zrTAEQ=="
    }
  }
}
